[
  {
    "path": "src/application/account/account.entity.json",
    "checksum": "88a68493e7256fd6c9f803f468b8ba243246b3c4"
  },
  {
    "path": "src/application/account/account.types.ts",
    "checksum": "d61f746a325b5dc5b1eea7408817112523b68693"
  },
  {
    "path": "src/application/company/company.entity.json",
    "checksum": "27a5624f36fff3e344c59afe5895830b3a5ac7c0"
  },
  {
    "path": "src/application/company/company.model.ts",
    "checksum": "fbba65a8f1fdb4203aa2e0bd76881a48d7b3b424"
  },
  {
    "path": "src/application/company/company.types.ts",
    "checksum": "d21f52c6a07c5233afcc8c27872232b1d6eb9909"
  },
  {
    "path": "src/application/department/department.entity.json",
    "checksum": "3aaa91abcaf7c5daa6e3368f9e95397f6790c6a3"
  },
  {
    "path": "src/application/department/department.model.ts",
    "checksum": "268b92063f128972f520f0481b7e586a86e843cf"
  },
  {
    "path": "src/application/department/department.types.ts",
    "checksum": "eaf5d0329812592f6e386cc2bc67ee4f6bdccb91"
  },
  {
    "path": "src/application/document/document.entity.json",
    "checksum": "3f81d3ca1772737a0c0733d7af51be3aa7b1d77b"
  },
  {
    "path": "src/application/document/document.model.ts",
    "checksum": "d4547df5fd421c817d039b0bc28e3330c6c97b33"
  },
  {
    "path": "src/application/document/document.types.ts",
    "checksum": "78f15f43e6552df35c650463091a6fc3b9988897"
  },
  {
    "path": "src/application/employee/employee.entity.json",
    "checksum": "dc6568300f3032a80c03e436fdbfca793c4cc165"
  },
  {
    "path": "src/application/employee/employee.model.ts",
    "checksum": "2fdfb2cfa1a5d6f23554a393be166763616e8f1d"
  },
  {
    "path": "src/application/employee/employee.types.ts",
    "checksum": "942e5c879c7ed6b420f555425cc1925a7c3d1209"
  },
  {
    "path": "src/application/file/file.entity.json",
    "checksum": "c87bdf09e0c26cb3692cac20ccd6ced880c120aa"
  },
  {
    "path": "src/application/file/file.model.ts",
    "checksum": "4cae1e25b291be5e07c7df7af6a4e3dfbb4f8041"
  },
  {
    "path": "src/application/file/file.types.ts",
    "checksum": "4ab4a3010613b1a2391bb5db30253cd5b802521e"
  },
  {
    "path": "src/application/project/project.entity.json",
    "checksum": "488b3d7c98bfea83f7ef5015b8a415d82d38afa7"
  },
  {
    "path": "src/application/project/project.model.ts",
    "checksum": "682b3e93f7e494331d7de6c43b761652f4bfa71b"
  },
  {
    "path": "src/application/project/project.types.ts",
    "checksum": "59ce2858cd7db2c84e516eec5ca90bdd6e844c1c"
  },
  {
    "path": "src/application/session/session.entity.json",
    "checksum": "72cf0128f9e75cd22f7f61fd14905c226d83a878"
  },
  {
    "path": "src/application/session/session.types.ts",
    "checksum": "53aaf4aaf9f3c38f89290762873dbcd1dd6858a0"
  },
  {
    "path": "src/application/sonamu.generated.ts",
    "checksum": "0d5159a874f347ad9f3bc2a9bf22b13757d0e8cb"
  },
  {
    "path": "src/application/sync-fixture/sync-fixture.entity.json",
    "checksum": "7e752ba90f2e87d2c39f699167d335bf3ced3c7b"
  },
  {
    "path": "src/application/sync-fixture/sync-fixture.model.ts",
    "checksum": "edfc5acc9b2f6b06be7d59cc53cd0f0cc06103df"
  },
  {
    "path": "src/application/sync-fixture/sync-fixture.types.ts",
    "checksum": "a6f0b24ccb3dc8210361ccc174c1ec109769114b"
  },
  {
    "path": "src/application/tag/tag.entity.json",
    "checksum": "d0c27321e45059e4eeb26e65bbcd5ff2c8a814f6"
  },
  {
    "path": "src/application/tag/tag.model.ts",
    "checksum": "84b9438b8dd9982020784cee842f5865d4edc84b"
  },
  {
    "path": "src/application/tag/tag.types.ts",
    "checksum": "8b6bb5381463ee93ddc7374f3e848cd510204ffa"
  },
  {
    "path": "src/application/two-factor/two-factor.entity.json",
    "checksum": "c8ec679ddf6dbfe41074552eb92153d405ed57fc"
  },
  {
    "path": "src/application/two-factor/two-factor.types.ts",
    "checksum": "552b251c28ee95aa165e0acc681c0ea20d9d4f3b"
  },
  {
    "path": "src/application/user/user.entity.json",
    "checksum": "32749592c2a416e76574489ea2593edc84a70ada"
  },
  {
    "path": "src/application/user/user.model.ts",
    "checksum": "f88ce24e0075ee78937051f261a6d89eb2274261"
  },
  {
    "path": "src/application/user/user.types.ts",
    "checksum": "33c1e2b14fee289f8114b80255ae1d7a4b84fd00"
  },
  {
    "path": "src/application/user/user.workflow.ts",
    "checksum": "a9e683fb4813807cbbca1a299a1c34c8798cd9a2"
  },
  {
    "path": "src/application/verification/verification.entity.json",
    "checksum": "8501706e71295d6f7ea58a9c423d36d6fd99d40b"
  },
  {
    "path": "src/application/verification/verification.types.ts",
    "checksum": "4822b113893f2f4daaec1613e6389ae4aee4f0da"
  },
  {
    "path": "src/i18n/en.ts",
    "checksum": "6d1e8528f24c35d747d2e6373bba5c4c94cce0e9"
  },
  {
    "path": "src/i18n/ko.ts",
    "checksum": "6cd10c1375dbfe874b465f8bd4c1732854b22fcf"
  },
  {
    "path": "src/i18n/sd.generated.ts",
    "checksum": "e77ce1b4b7c995f93d431e06537ad84f50d439b9"
  },
  {
    "path": "src/sonamu.config.ts",
    "checksum": "eef5f89d2e96980bd3d81a6c01c5089c45aef6b2"
  }
]