[
  {
    "path": "src/application/company/company.entity.json",
    "checksum": "6b911429e3bf562dc86919c99657a8c9e0fe15b3"
  },
  {
    "path": "src/application/company/company.model.ts",
    "checksum": "cf3e47a16ba39e5234addfa5bad01cfdce02131e"
  },
  {
    "path": "src/application/company/company.types.ts",
    "checksum": "d21f52c6a07c5233afcc8c27872232b1d6eb9909"
  },
  {
    "path": "src/application/department/department.entity.json",
    "checksum": "3aaa91abcaf7c5daa6e3368f9e95397f6790c6a3"
  },
  {
    "path": "src/application/department/department.model.ts",
    "checksum": "8c7e2963250cb763b760f080b4db274ff44cef5f"
  },
  {
    "path": "src/application/department/department.types.ts",
    "checksum": "eaf5d0329812592f6e386cc2bc67ee4f6bdccb91"
  },
  {
    "path": "src/application/document/document.entity.json",
    "checksum": "3f81d3ca1772737a0c0733d7af51be3aa7b1d77b"
  },
  {
    "path": "src/application/document/document.model.ts",
    "checksum": "a220faeb44e7bee9efc2f700590bbb2eba1191e3"
  },
  {
    "path": "src/application/document/document.types.ts",
    "checksum": "d149d326bf0e81392c04ee5c5885c8c8e208f82a"
  },
  {
    "path": "src/application/employee/employee.entity.json",
    "checksum": "199325a330a4e6e56fab31c23059b693411eb17a"
  },
  {
    "path": "src/application/employee/employee.model.ts",
    "checksum": "769561433a8260183658efecf483b42aca6a645a"
  },
  {
    "path": "src/application/employee/employee.types.ts",
    "checksum": "942e5c879c7ed6b420f555425cc1925a7c3d1209"
  },
  {
    "path": "src/application/file/file.entity.json",
    "checksum": "c87bdf09e0c26cb3692cac20ccd6ced880c120aa"
  },
  {
    "path": "src/application/file/file.model.ts",
    "checksum": "49f86bcc58c6f4226385e31ddcc6d363b92467c4"
  },
  {
    "path": "src/application/file/file.types.ts",
    "checksum": "4ab4a3010613b1a2391bb5db30253cd5b802521e"
  },
  {
    "path": "src/application/project/project.entity.json",
    "checksum": "778a3b4e012396dc0e944ea6b7ef56b9f2cf7722"
  },
  {
    "path": "src/application/project/project.model.ts",
    "checksum": "4e614223a128ea4f431016fc025664ef65f74904"
  },
  {
    "path": "src/application/project/project.types.ts",
    "checksum": "59ce2858cd7db2c84e516eec5ca90bdd6e844c1c"
  },
  {
    "path": "src/application/sonamu.generated.ts",
    "checksum": "77d90f0f138013c8f03c95b4d0b8d1679ed87506"
  },
  {
    "path": "src/application/sync-fixture/sync-fixture.entity.json",
    "checksum": "7e752ba90f2e87d2c39f699167d335bf3ced3c7b"
  },
  {
    "path": "src/application/sync-fixture/sync-fixture.model.ts",
    "checksum": "8069a687cb78710ed7df8c218c2f9b15095ce260"
  },
  {
    "path": "src/application/sync-fixture/sync-fixture.types.ts",
    "checksum": "a6f0b24ccb3dc8210361ccc174c1ec109769114b"
  },
  {
    "path": "src/application/tag/tag.entity.json",
    "checksum": "06ab47346417f262c06e1a0e6983101a3bf0c4d9"
  },
  {
    "path": "src/application/tag/tag.model.ts",
    "checksum": "d5ad3c3182a0f285f5914c1b73b81239b547ad19"
  },
  {
    "path": "src/application/tag/tag.types.ts",
    "checksum": "e9b97b10eb5248d142767fadfb055b1561a730c9"
  },
  {
    "path": "src/application/user/user.entity.json",
    "checksum": "4a577190bbdf7dbbc3b8e7fa10a6198714fc8ee2"
  },
  {
    "path": "src/application/user/user.model.ts",
    "checksum": "bf174f23701df218d8c71fba4cec6a0403c6cbcf"
  },
  {
    "path": "src/application/user/user.types.ts",
    "checksum": "45444bc63bcb4152176b333b7d8d4010a9a7fa4c"
  },
  {
    "path": "src/application/user/user.workflow.ts",
    "checksum": "b95b196ed14f03d65e51368e041ef4e41247437c"
  },
  {
    "path": "src/sonamu.config.ts",
    "checksum": "1f988b60556fe4f5fcc2914c19ccdaeac4955901"
  }
]