[
  {
    "path": "sonamu.config.ts",
    "checksum": "284253e5eefea6624a0f53624629f8fb09e1443a"
  },
  {
    "path": "src/application/company/company.entity.json",
    "checksum": "35ef8760e1bacb3ac295203f7b7371e998bc2dc3"
  },
  {
    "path": "src/application/company/company.model.ts",
    "checksum": "cfb51430f70dc0b77ae16abab8dc0b41debaaa8e"
  },
  {
    "path": "src/application/company/company.types.ts",
    "checksum": "c89fe690fdc1445934a6cbab6aeb6bc5599c98ca"
  },
  {
    "path": "src/application/department/department.entity.json",
    "checksum": "89317b8c466fdd8b7743e7b9ab0e5cc512ef493c"
  },
  {
    "path": "src/application/department/department.model.ts",
    "checksum": "de75ff603d46b603456c188a07d205d321b43962"
  },
  {
    "path": "src/application/department/department.types.ts",
    "checksum": "419605fe16da92c253563d9c95eb3f41e92c8d24"
  },
  {
    "path": "src/application/employee/employee.entity.json",
    "checksum": "f0002ee3d2e638c9668176e282a9c4d2ab08ee73"
  },
  {
    "path": "src/application/employee/employee.model.ts",
    "checksum": "aedc51baa130f28df79756767f91afb7ddd6add7"
  },
  {
    "path": "src/application/employee/employee.types.ts",
    "checksum": "6a22e7cf98509c61e3e22694a2a1e8470a56123b"
  },
  {
    "path": "src/application/file/file.entity.json",
    "checksum": "aa996fd20ce5cf37ec74ed89bccda78397b0a850"
  },
  {
    "path": "src/application/file/file.model.ts",
    "checksum": "e7f4b1d70a34ad1323aceb6c27e89c5bff871bd0"
  },
  {
    "path": "src/application/file/file.types.ts",
    "checksum": "e13e134d8440e324f0af24c368e57d9d5c13b0a4"
  },
  {
    "path": "src/application/project/project.entity.json",
    "checksum": "9028c31218c25d074224f7245f0999afce22d5f2"
  },
  {
    "path": "src/application/project/project.model.ts",
    "checksum": "d9074d0216f792b934110d0c921d4e03e403d066"
  },
  {
    "path": "src/application/project/project.types.ts",
    "checksum": "2b01c9057c1a6f513295b252bad2429fa682f500"
  },
  {
    "path": "src/application/sonamu.generated.ts",
    "checksum": "23c6d55ea00140e5baeafd502674873bb244faa2"
  },
  {
    "path": "src/application/tag/tag.entity.json",
    "checksum": "7b30f0b806e800ba45602abf2d03f972449d9be8"
  },
  {
    "path": "src/application/tag/tag.model.ts",
    "checksum": "810277b9b46ce6dda6a9eca90cb39f2e42f009a7"
  },
  {
    "path": "src/application/tag/tag.types.ts",
    "checksum": "967c4c95f31b80889b256df17180f00d80ab48c5"
  },
  {
    "path": "src/application/user/user.entity.json",
    "checksum": "5d33b3a981f34f0afec0174c711a19014ae3152a"
  },
  {
    "path": "src/application/user/user.model.ts",
    "checksum": "f3391c8305d83537d2ebf5330044459a2825b5bd"
  },
  {
    "path": "src/application/user/user.types.ts",
    "checksum": "295ef6384453e9032c9e38472c88b6b824a8b867"
  }
]